{
  "name": "dwing",
  "version": "1.0.0",
  "lockfileVersion": 2,
  "requires": true,
  "packages": {
    "": {
      "name": "dwing",
      "version": "1.0.0",
      "license": "GPL-3.0-only",
      "dependencies": {
        "x11": "^1.0.3"
      }
    },
    "node_modules/x11": {
      "version": "1.0.3",
      "resolved": "https://registry.npmjs.org/x11/-/x11-1.0.3.tgz",
      "integrity": "sha512-O6/aab4mg+gkAhe3pBqoGpzporbyTdduXhG98L4+difWVBO08U6v1RSZ6/S0SoL6iyqXDKGfQ2sxh9Qzw3VQBQ==",
      "engines": {
        "node": "*"
      }
    }
  },
  "dependencies": {
    "x11": {
      "version": "1.0.3",
      "resolved": "https://registry.npmjs.org/x11/-/x11-1.0.3.tgz",
      "integrity": "sha512-O6/aab4mg+gkAhe3pBqoGpzporbyTdduXhG98L4+difWVBO08U6v1RSZ6/S0SoL6iyqXDKGfQ2sxh9Qzw3VQBQ=="
    }
  }
}
